version = 1
revision = 3
requires-python = "==3.10.*"

[options]
exclude-newer = "2023-02-22T16:00:00Z"

[[package]]
name = "metapathology"
version = "0.4.2"
source = { editable = "../../" }

[package.metadata]

[package.metadata.requires-dev]
dev = [
    { name = "basedpyright", specifier = ">=1.31.3" },
    { name = "hypothesis", specifier = ">=6.146" },
    { name = "prek", specifier = ">=0.2.20" },
    { name = "pyrefly", specifier = ">=0.44.0" },
    { name = "pytest", specifier = ">=8.3" },
    { name = "pytest-cov", specifier = ">=6.3" },
    { name = "pytest-timeout", specifier = ">=2.4" },
    { name = "ruff", specifier = ">=0.12.11" },
]
docs = [{ name = "zensical", specifier = ">=0.0.47,<0.1" }]

[[package]]
name = "metapathology-pip-11812-repro"
version = "0.1.0"
source = { virtual = "." }
dependencies = [
    { name = "metapathology" },
]

[package.metadata]
requires-dist = [{ name = "metapathology", editable = "../../" }]
