version = 1
revision = 3
requires-python = "==3.12.*"

[options]
exclude-newer = "2024-11-19T16:00:00Z"

[[package]]
name = "aiohappyeyeballs"
version = "2.4.3"
source = { registry = "https://pypi.org/simple" }
sdist = { url = "https://files.pythonhosted.org/packages/bc/69/2f6d5a019bd02e920a3417689a89887b39ad1e350b562f9955693d900c40/aiohappyeyeballs-2.4.3.tar.gz", hash = "sha256:75cf88a15106a5002a8eb1dab212525c00d1f4c0fa96e551c9fbe6f09a621586", size = 21809, upload-time = "2024-09-30T19:42:27.764Z" }
wheels = [
    { url = "https://files.pythonhosted.org/packages/f7/d8/120cd0fe3e8530df0539e71ba9683eade12cae103dd7543e50d15f737917/aiohappyeyeballs-2.4.3-py3-none-any.whl", hash = "sha256:8a7a83727b2756f394ab2895ea0765a0a8c475e3c71e98d43d76f22b4b435572", size = 14742, upload-time = "2024-09-30T19:42:26.093Z" },
]

[[package]]
name = "aiohttp"
version = "3.11.5"
source = { registry = "https://pypi.org/simple" }
dependencies = [
    { name = "aiohappyeyeballs" },
    { name = "aiosignal" },
    { name = "attrs" },
    { name = "frozenlist" },
    { name = "multidict" },
    { name = "propcache" },
    { name = "yarl" },
]
sdist = { url = "https://files.pythonhosted.org/packages/c6/2e/e520ca73603e1970076b1b66baa9c0b367999f1653a5b7ff66e76639cdcc/aiohttp-3.11.5.tar.gz", hash = "sha256:7b857fdad5f95d05bbd27c68cdd549889287dea7fe3376265a8a85d554deec1e", size = 7666423, upload-time = "2024-11-19T15:56:28.34Z" }
wheels = [
    { url = "https://files.pythonhosted.org/packages/57/c2/6d57cb15cf476084a4f8ac0a4dcc343498f5c61e22527fc90aac308ede96/aiohttp-3.11.5-cp312-cp312-macosx_10_13_universal2.whl", hash = "sha256:3f21c6d1fae17f4466af3796975ab34010db3ac1f0d688272a6ce2f9fa2a4ea5", size = 702250, upload-time = "2024-11-19T15:54:26.979Z" },
    { url = "https://files.pythonhosted.org/packages/37/0d/b7ef08e4bdacf63bc41f84028f14d1648fa1c3ed95d406f9c7cfd614800b/aiohttp-3.11.5-cp312-cp312-macosx_10_13_x86_64.whl", hash = "sha256:f2041691ac9a4ac5f3ccda419efdbd97f3b25bcc64c5badf57a85a69b8579268", size = 461920, upload-time = "2024-11-19T15:54:30.565Z" },
    { url = "https://files.pythonhosted.org/packages/c1/e3/14af7d2ca2984cc48050fb10f2908df1e9f9bd8402795e7f83810837ad5b/aiohttp-3.11.5-cp312-cp312-macosx_11_0_arm64.whl", hash = "sha256:7ad77209639aa7f8d1bd87bd0aa961cac791658c9dd1d32225cbabee95b70bd4", size = 454361, upload-time = "2024-11-19T15:54:34.221Z" },
    { url = "https://files.pythonhosted.org/packages/37/9f/5983a5609804b431432744fe7725ac2b907ffca369ff9f98a14bf01ac720/aiohttp-3.11.5-cp312-cp312-manylinux_2_17_aarch64.manylinux2014_aarch64.whl", hash = "sha256:ca5c02fec19113abb7d9df9350471fa1ed25f76ad24be81690c96b3b759da795", size = 1678293, upload-time = "2024-11-19T15:54:37.258Z" },
    { url = "https://files.pythonhosted.org/packages/a8/79/8063355fa1407f896e53c2db51793f919ed8137d3c9d924f61f4380531dc/aiohttp-3.11.5-cp312-cp312-manylinux_2_17_ppc64le.manylinux2014_ppc64le.whl", hash = "sha256:35c429f0f761619ea659cfe5bed5c26bc62c5e09c2da28b5ee86d006b1a1eb4d", size = 1734546, upload-time = "2024-11-19T15:54:39.299Z" },
    { url = "https://files.pythonhosted.org/packages/d9/c9/8ce3896a6c47844dfa48d8d7e0d26a56a85be25c69b865af4aa945dd1608/aiohttp-3.11.5-cp312-cp312-manylinux_2_17_s390x.manylinux2014_s390x.whl", hash = "sha256:68f0f8213e891b81800812ec70c58bac3899f4828e7ad14ba5997c26dd88aa6f", size = 1788679, upload-time = "2024-11-19T15:54:41.312Z" },
    { url = "https://files.pythonhosted.org/packages/36/36/49d73798292a84bc0003221a208f0f6ac3627cf2f74fbd709243ad71513e/aiohttp-3.11.5-cp312-cp312-manylinux_2_17_x86_64.manylinux2014_x86_64.whl", hash = "sha256:381c1d8334fb010968dfc8eb1140ed349c5ade9ba20feb0aee2a047d9af0b7a5", size = 1687163, upload-time = "2024-11-19T15:54:43.244Z" },
    { url = "https://files.pythonhosted.org/packages/ab/01/6abddc5247a4b49da5a8e8e2ece5f1ba0ffe8e987bcf60df2679a96fd707/aiohttp-3.11.5-cp312-cp312-manylinux_2_5_i686.manylinux1_i686.manylinux_2_17_i686.manylinux2014_i686.whl", hash = "sha256:0ea7b22c2569007df2c39dbe72b7c7cf4e6f6424b505545c68fde8495a35bcc9", size = 1618394, upload-time = "2024-11-19T15:54:45.39Z" },
    { url = "https://files.pythonhosted.org/packages/a1/4f/215a7588b42188fe51db32ae70326bdb12dc8db53b4a0aae8b910c6540de/aiohttp-3.11.5-cp312-cp312-musllinux_1_2_aarch64.whl", hash = "sha256:50d8784cdc111ed0709debe595be831ebb1f0c536b0840684d02fd12d100a092", size = 1635566, upload-time = "2024-11-19T15:54:48.476Z" },
    { url = "https://files.pythonhosted.org/packages/c1/9a/f17c3047e1e7e5813966d51c92a4e08c2e0e2bb93191252244493fe8bab7/aiohttp-3.11.5-cp312-cp312-musllinux_1_2_i686.whl", hash = "sha256:0a7a8915129e6e9b43b5e2f13e0533314462f34e8f8589fb388b8f35becb997e", size = 1649379, upload-time = "2024-11-19T15:54:50.551Z" },
    { url = "https://files.pythonhosted.org/packages/98/b5/f06b7cc90654f3c1e58ae2ff291f9369270e175bf2e663119d1e6fc1f6c1/aiohttp-3.11.5-cp312-cp312-musllinux_1_2_ppc64le.whl", hash = "sha256:c7e0cdfdc6ea4b974c3d546e683bf5a408a8777886c7ec389a780da58a8aa284", size = 1697330, upload-time = "2024-11-19T15:54:53.87Z" },
    { url = "https://files.pythonhosted.org/packages/c6/7b/4ba07405d2f5f3d07c11ff5661eee13a9cafd64f1a61b9c1556a2635bf46/aiohttp-3.11.5-cp312-cp312-musllinux_1_2_s390x.whl", hash = "sha256:9a23bd19042768281c06858a55ee3d85e572111681e5f5dd68ebd27a6ae1e2af", size = 1728220, upload-time = "2024-11-19T15:54:56.808Z" },
    { url = "https://files.pythonhosted.org/packages/72/1f/c7b8e37216150a496344353182c22af5edaed7cbf6b97bc72eba0130cd97/aiohttp-3.11.5-cp312-cp312-musllinux_1_2_x86_64.whl", hash = "sha256:304316862900286574e38dbd58c9c5c25dfd52bcfea16514a00dd741f992871e", size = 1688515, upload-time = "2024-11-19T15:54:59.22Z" },
    { url = "https://files.pythonhosted.org/packages/d0/b5/4340ed419d52c6b63f0a5dd34181a7108b74921f9866e3f2f896b479a9b3/aiohttp-3.11.5-cp312-cp312-win32.whl", hash = "sha256:3e0f4119290d432fa7babfc76cbde4f3e21b826240ba51a6d4fdb82935cf82bd", size = 409882, upload-time = "2024-11-19T15:55:01.892Z" },
    { url = "https://files.pythonhosted.org/packages/27/f0/aa32d3213f1dbafaf979bd1c7c87baa61c1cfeea965cba50324cd767abd2/aiohttp-3.11.5-cp312-cp312-win_amd64.whl", hash = "sha256:1fe98b92f943b00e1831aece85638af6ca6c699f82625f7a6c64a2543b7a9769", size = 436401, upload-time = "2024-11-19T15:55:03.849Z" },
]

[[package]]
name = "aiosignal"
version = "1.3.1"
source = { registry = "https://pypi.org/simple" }
dependencies = [
    { name = "frozenlist" },
]
sdist = { url = "https://files.pythonhosted.org/packages/ae/67/0952ed97a9793b4958e5736f6d2b346b414a2cd63e82d05940032f45b32f/aiosignal-1.3.1.tar.gz", hash = "sha256:54cd96e15e1649b75d6c87526a6ff0b6c1b0dd3459f43d9ca11d48c339b68cfc", size = 19422, upload-time = "2022-11-08T16:03:58.806Z" }
wheels = [
    { url = "https://files.pythonhosted.org/packages/76/ac/a7305707cb852b7e16ff80eaf5692309bde30e2b1100a1fcacdc8f731d97/aiosignal-1.3.1-py3-none-any.whl", hash = "sha256:f8376fb07dd1e86a584e4fcdec80b36b7f81aac666ebc724e2c090300dd83b17", size = 7617, upload-time = "2022-11-08T16:03:57.483Z" },
]

[[package]]
name = "attrs"
version = "24.2.0"
source = { registry = "https://pypi.org/simple" }
sdist = { url = "https://files.pythonhosted.org/packages/fc/0f/aafca9af9315aee06a89ffde799a10a582fe8de76c563ee80bbcdc08b3fb/attrs-24.2.0.tar.gz", hash = "sha256:5cfb1b9148b5b086569baec03f20d7b6bf3bcacc9a42bebf87ffaaca362f6346", size = 792678, upload-time = "2024-08-06T14:37:38.364Z" }
wheels = [
    { url = "https://files.pythonhosted.org/packages/6a/21/5b6702a7f963e95456c0de2d495f67bf5fd62840ac655dc451586d23d39a/attrs-24.2.0-py3-none-any.whl", hash = "sha256:81921eb96de3191c8258c199618104dd27ac608d9366f5e35d011eae1867ede2", size = 63001, upload-time = "2024-08-06T14:37:36.958Z" },
]

[[package]]
name = "discord-py"
version = "2.4.0"
source = { registry = "https://pypi.org/simple" }
dependencies = [
    { name = "aiohttp" },
]
sdist = { url = "https://files.pythonhosted.org/packages/39/af/80cab4015722d3bee175509b7249a11d5adf77b5ff4c27f268558079d149/discord_py-2.4.0.tar.gz", hash = "sha256:d07cb2a223a185873a1d0ee78b9faa9597e45b3f6186df21a95cec1e9bcdc9a5", size = 1027707, upload-time = "2024-06-22T01:20:22.474Z" }
wheels = [
    { url = "https://files.pythonhosted.org/packages/23/10/3c44e9331a5ec3bae8b2919d51f611a5b94e179563b1b89eb6423a8f43eb/discord.py-2.4.0-py3-none-any.whl", hash = "sha256:b8af6711c70f7e62160bfbecb55be699b5cb69d007426759ab8ab06b1bd77d1d", size = 1125988, upload-time = "2024-06-22T01:20:19.764Z" },
]

[[package]]
name = "frozenlist"
version = "1.5.0"
source = { registry = "https://pypi.org/simple" }
sdist = { url = "https://files.pythonhosted.org/packages/8f/ed/0f4cec13a93c02c47ec32d81d11c0c1efbadf4a471e3f3ce7cad366cbbd3/frozenlist-1.5.0.tar.gz", hash = "sha256:81d5af29e61b9c8348e876d442253723928dce6433e0e76cd925cd83f1b4b817", size = 39930, upload-time = "2024-10-23T09:48:29.903Z" }
wheels = [
    { url = "https://files.pythonhosted.org/packages/79/73/fa6d1a96ab7fd6e6d1c3500700963eab46813847f01ef0ccbaa726181dd5/frozenlist-1.5.0-cp312-cp312-macosx_10_13_universal2.whl", hash = "sha256:31115ba75889723431aa9a4e77d5f398f5cf976eea3bdf61749731f62d4a4a21", size = 94026, upload-time = "2024-10-23T09:46:58.601Z" },
    { url = "https://files.pythonhosted.org/packages/ab/04/ea8bf62c8868b8eada363f20ff1b647cf2e93377a7b284d36062d21d81d1/frozenlist-1.5.0-cp312-cp312-macosx_10_13_x86_64.whl", hash = "sha256:7437601c4d89d070eac8323f121fcf25f88674627505334654fd027b091db09d", size = 54150, upload-time = "2024-10-23T09:46:59.608Z" },
    { url = "https://files.pythonhosted.org/packages/d0/9a/8e479b482a6f2070b26bda572c5e6889bb3ba48977e81beea35b5ae13ece/frozenlist-1.5.0-cp312-cp312-macosx_11_0_arm64.whl", hash = "sha256:7948140d9f8ece1745be806f2bfdf390127cf1a763b925c4a805c603df5e697e", size = 51927, upload-time = "2024-10-23T09:47:00.625Z" },
    { url = "https://files.pythonhosted.org/packages/e3/12/2aad87deb08a4e7ccfb33600871bbe8f0e08cb6d8224371387f3303654d7/frozenlist-1.5.0-cp312-cp312-manylinux_2_17_aarch64.manylinux2014_aarch64.whl", hash = "sha256:feeb64bc9bcc6b45c6311c9e9b99406660a9c05ca8a5b30d14a78555088b0b3a", size = 282647, upload-time = "2024-10-23T09:47:01.992Z" },
    { url = "https://files.pythonhosted.org/packages/77/f2/07f06b05d8a427ea0060a9cef6e63405ea9e0d761846b95ef3fb3be57111/frozenlist-1.5.0-cp312-cp312-manylinux_2_17_ppc64le.manylinux2014_ppc64le.whl", hash = "sha256:683173d371daad49cffb8309779e886e59c2f369430ad28fe715f66d08d4ab1a", size = 289052, upload-time = "2024-10-23T09:47:04.039Z" },
    { url = "https://files.pythonhosted.org/packages/bd/9f/8bf45a2f1cd4aa401acd271b077989c9267ae8463e7c8b1eb0d3f561b65e/frozenlist-1.5.0-cp312-cp312-manylinux_2_17_s390x.manylinux2014_s390x.whl", hash = "sha256:7d57d8f702221405a9d9b40f9da8ac2e4a1a8b5285aac6100f3393675f0a85ee", size = 291719, upload-time = "2024-10-23T09:47:05.58Z" },
    { url = "https://files.pythonhosted.org/packages/41/d1/1f20fd05a6c42d3868709b7604c9f15538a29e4f734c694c6bcfc3d3b935/frozenlist-1.5.0-cp312-cp312-manylinux_2_5_i686.manylinux1_i686.manylinux_2_17_i686.manylinux2014_i686.whl", hash = "sha256:30c72000fbcc35b129cb09956836c7d7abf78ab5416595e4857d1cae8d6251a6", size = 267433, upload-time = "2024-10-23T09:47:07.807Z" },
    { url = "https://files.pythonhosted.org/packages/af/f2/64b73a9bb86f5a89fb55450e97cd5c1f84a862d4ff90d9fd1a73ab0f64a5/frozenlist-1.5.0-cp312-cp312-manylinux_2_5_x86_64.manylinux1_x86_64.manylinux_2_17_x86_64.manylinux2014_x86_64.whl", hash = "sha256:000a77d6034fbad9b6bb880f7ec073027908f1b40254b5d6f26210d2dab1240e", size = 283591, upload-time = "2024-10-23T09:47:09.645Z" },
    { url = "https://files.pythonhosted.org/packages/29/e2/ffbb1fae55a791fd6c2938dd9ea779509c977435ba3940b9f2e8dc9d5316/frozenlist-1.5.0-cp312-cp312-musllinux_1_2_aarch64.whl", hash = "sha256:5d7f5a50342475962eb18b740f3beecc685a15b52c91f7d975257e13e029eca9", size = 273249, upload-time = "2024-10-23T09:47:10.808Z" },
    { url = "https://files.pythonhosted.org/packages/2e/6e/008136a30798bb63618a114b9321b5971172a5abddff44a100c7edc5ad4f/frozenlist-1.5.0-cp312-cp312-musllinux_1_2_i686.whl", hash = "sha256:87f724d055eb4785d9be84e9ebf0f24e392ddfad00b3fe036e43f489fafc9039", size = 271075, upload-time = "2024-10-23T09:47:11.938Z" },
    { url = "https://files.pythonhosted.org/packages/ae/f0/4e71e54a026b06724cec9b6c54f0b13a4e9e298cc8db0f82ec70e151f5ce/frozenlist-1.5.0-cp312-cp312-musllinux_1_2_ppc64le.whl", hash = "sha256:6e9080bb2fb195a046e5177f10d9d82b8a204c0736a97a153c2466127de87784", size = 285398, upload-time = "2024-10-23T09:47:14.071Z" },
    { url = "https://files.pythonhosted.org/packages/4d/36/70ec246851478b1c0b59f11ef8ade9c482ff447c1363c2bd5fad45098b12/frozenlist-1.5.0-cp312-cp312-musllinux_1_2_s390x.whl", hash = "sha256:9b93d7aaa36c966fa42efcaf716e6b3900438632a626fb09c049f6a2f09fc631", size = 294445, upload-time = "2024-10-23T09:47:15.318Z" },
    { url = "https://files.pythonhosted.org/packages/37/e0/47f87544055b3349b633a03c4d94b405956cf2437f4ab46d0928b74b7526/frozenlist-1.5.0-cp312-cp312-musllinux_1_2_x86_64.whl", hash = "sha256:52ef692a4bc60a6dd57f507429636c2af8b6046db8b31b18dac02cbc8f507f7f", size = 280569, upload-time = "2024-10-23T09:47:17.149Z" },
    { url = "https://files.pythonhosted.org/packages/f9/7c/490133c160fb6b84ed374c266f42800e33b50c3bbab1652764e6e1fc498a/frozenlist-1.5.0-cp312-cp312-win32.whl", hash = "sha256:29d94c256679247b33a3dc96cce0f93cbc69c23bf75ff715919332fdbb6a32b8", size = 44721, upload-time = "2024-10-23T09:47:19.012Z" },
    { url = "https://files.pythonhosted.org/packages/b1/56/4e45136ffc6bdbfa68c29ca56ef53783ef4c2fd395f7cbf99a2624aa9aaa/frozenlist-1.5.0-cp312-cp312-win_amd64.whl", hash = "sha256:8969190d709e7c48ea386db202d708eb94bdb29207a1f269bab1196ce0dcca1f", size = 51329, upload-time = "2024-10-23T09:47:20.177Z" },
    { url = "https://files.pythonhosted.org/packages/c6/c8/a5be5b7550c10858fcf9b0ea054baccab474da77d37f1e828ce043a3a5d4/frozenlist-1.5.0-py3-none-any.whl", hash = "sha256:d994863bba198a4a518b467bb971c56e1db3f180a25c6cf7bb1949c267f748c3", size = 11901, upload-time = "2024-10-23T09:48:28.851Z" },
]

[[package]]
name = "idna"
version = "3.10"
source = { registry = "https://pypi.org/simple" }
sdist = { url = "https://files.pythonhosted.org/packages/f1/70/7703c29685631f5a7590aa73f1f1d3fa9a380e654b86af429e0934a32f7d/idna-3.10.tar.gz", hash = "sha256:12f65c9b470abda6dc35cf8e63cc574b1c52b11df2c86030af0ac09b01b13ea9", size = 190490, upload-time = "2024-09-15T18:07:39.745Z" }
wheels = [
    { url = "https://files.pythonhosted.org/packages/76/c6/c88e154df9c4e1a2a66ccf0005a88dfb2650c1dffb6f5ce603dfbd452ce3/idna-3.10-py3-none-any.whl", hash = "sha256:946d195a0d259cbba61165e88e65941f16e9b36ea6ddb97f00452bae8b1287d3", size = 70442, upload-time = "2024-09-15T18:07:37.964Z" },
]

[[package]]
name = "metapathology"
version = "0.4.2"
source = { editable = "../../" }

[package.metadata]

[package.metadata.requires-dev]
dev = [
    { name = "basedpyright", specifier = ">=1.31.3" },
    { name = "hypothesis", specifier = ">=6.146" },
    { name = "prek", specifier = ">=0.2.20" },
    { name = "pyrefly", specifier = ">=0.44.0" },
    { name = "pytest", specifier = ">=8.3" },
    { name = "pytest-cov", specifier = ">=6.3" },
    { name = "pytest-timeout", specifier = ">=2.4" },
    { name = "ruff", specifier = ">=0.12.11" },
]
docs = [{ name = "zensical", specifier = ">=0.0.47,<0.1" }]

[[package]]
name = "metapathology-discord-py-10017-repro"
version = "0.1.0"
source = { virtual = "." }
dependencies = [
    { name = "discord-py" },
    { name = "metapathology" },
]

[package.metadata]
requires-dist = [
    { name = "discord-py", specifier = "==2.4.0" },
    { name = "metapathology", editable = "../../" },
]

[[package]]
name = "multidict"
version = "6.1.0"
source = { registry = "https://pypi.org/simple" }
sdist = { url = "https://files.pythonhosted.org/packages/d6/be/504b89a5e9ca731cd47487e91c469064f8ae5af93b7259758dcfc2b9c848/multidict-6.1.0.tar.gz", hash = "sha256:22ae2ebf9b0c69d206c003e2f6a914ea33f0a932d4aa16f236afc049d9958f4a", size = 64002, upload-time = "2024-09-09T23:49:38.163Z" }
wheels = [
    { url = "https://files.pythonhosted.org/packages/fd/16/92057c74ba3b96d5e211b553895cd6dc7cc4d1e43d9ab8fafc727681ef71/multidict-6.1.0-cp312-cp312-macosx_10_9_universal2.whl", hash = "sha256:b04772ed465fa3cc947db808fa306d79b43e896beb677a56fb2347ca1a49c1fa", size = 48713, upload-time = "2024-09-09T23:48:01.893Z" },
    { url = "https://files.pythonhosted.org/packages/94/3d/37d1b8893ae79716179540b89fc6a0ee56b4a65fcc0d63535c6f5d96f217/multidict-6.1.0-cp312-cp312-macosx_10_9_x86_64.whl", hash = "sha256:6180c0ae073bddeb5a97a38c03f30c233e0a4d39cd86166251617d1bbd0af436", size = 29516, upload-time = "2024-09-09T23:48:03.463Z" },
    { url = "https://files.pythonhosted.org/packages/a2/12/adb6b3200c363062f805275b4c1e656be2b3681aada66c80129932ff0bae/multidict-6.1.0-cp312-cp312-macosx_11_0_arm64.whl", hash = "sha256:071120490b47aa997cca00666923a83f02c7fbb44f71cf7f136df753f7fa8761", size = 29557, upload-time = "2024-09-09T23:48:04.905Z" },
    { url = "https://files.pythonhosted.org/packages/47/e9/604bb05e6e5bce1e6a5cf80a474e0f072e80d8ac105f1b994a53e0b28c42/multidict-6.1.0-cp312-cp312-manylinux_2_17_aarch64.manylinux2014_aarch64.whl", hash = "sha256:50b3a2710631848991d0bf7de077502e8994c804bb805aeb2925a981de58ec2e", size = 130170, upload-time = "2024-09-09T23:48:06.862Z" },
    { url = "https://files.pythonhosted.org/packages/7e/13/9efa50801785eccbf7086b3c83b71a4fb501a4d43549c2f2f80b8787d69f/multidict-6.1.0-cp312-cp312-manylinux_2_17_ppc64le.manylinux2014_ppc64le.whl", hash = "sha256:b58c621844d55e71c1b7f7c498ce5aa6985d743a1a59034c57a905b3f153c1ef", size = 134836, upload-time = "2024-09-09T23:48:08.537Z" },
    { url = "https://files.pythonhosted.org/packages/bf/0f/93808b765192780d117814a6dfcc2e75de6dcc610009ad408b8814dca3ba/multidict-6.1.0-cp312-cp312-manylinux_2_17_s390x.manylinux2014_s390x.whl", hash = "sha256:55b6d90641869892caa9ca42ff913f7ff1c5ece06474fbd32fb2cf6834726c95", size = 133475, upload-time = "2024-09-09T23:48:09.865Z" },
    { url = "https://files.pythonhosted.org/packages/d3/c8/529101d7176fe7dfe1d99604e48d69c5dfdcadb4f06561f465c8ef12b4df/multidict-6.1.0-cp312-cp312-manylinux_2_17_x86_64.manylinux2014_x86_64.whl", hash = "sha256:4b820514bfc0b98a30e3d85462084779900347e4d49267f747ff54060cc33925", size = 131049, upload-time = "2024-09-09T23:48:11.115Z" },
    { url = "https://files.pythonhosted.org/packages/ca/0c/fc85b439014d5a58063e19c3a158a889deec399d47b5269a0f3b6a2e28bc/multidict-6.1.0-cp312-cp312-manylinux_2_5_i686.manylinux1_i686.manylinux_2_17_i686.manylinux2014_i686.whl", hash = "sha256:10a9b09aba0c5b48c53761b7c720aaaf7cf236d5fe394cd399c7ba662d5f9966", size = 120370, upload-time = "2024-09-09T23:48:12.78Z" },
    { url = "https://files.pythonhosted.org/packages/db/46/d4416eb20176492d2258fbd47b4abe729ff3b6e9c829ea4236f93c865089/multidict-6.1.0-cp312-cp312-musllinux_1_2_aarch64.whl", hash = "sha256:1e16bf3e5fc9f44632affb159d30a437bfe286ce9e02754759be5536b169b305", size = 125178, upload-time = "2024-09-09T23:48:14.295Z" },
    { url = "https://files.pythonhosted.org/packages/5b/46/73697ad7ec521df7de5531a32780bbfd908ded0643cbe457f981a701457c/multidict-6.1.0-cp312-cp312-musllinux_1_2_i686.whl", hash = "sha256:76f364861c3bfc98cbbcbd402d83454ed9e01a5224bb3a28bf70002a230f73e2", size = 119567, upload-time = "2024-09-09T23:48:16.284Z" },
    { url = "https://files.pythonhosted.org/packages/cd/ed/51f060e2cb0e7635329fa6ff930aa5cffa17f4c7f5c6c3ddc3500708e2f2/multidict-6.1.0-cp312-cp312-musllinux_1_2_ppc64le.whl", hash = "sha256:820c661588bd01a0aa62a1283f20d2be4281b086f80dad9e955e690c75fb54a2", size = 129822, upload-time = "2024-09-09T23:48:17.835Z" },
    { url = "https://files.pythonhosted.org/packages/df/9e/ee7d1954b1331da3eddea0c4e08d9142da5f14b1321c7301f5014f49d492/multidict-6.1.0-cp312-cp312-musllinux_1_2_s390x.whl", hash = "sha256:0e5f362e895bc5b9e67fe6e4ded2492d8124bdf817827f33c5b46c2fe3ffaca6", size = 128656, upload-time = "2024-09-09T23:48:19.576Z" },
    { url = "https://files.pythonhosted.org/packages/77/00/8538f11e3356b5d95fa4b024aa566cde7a38aa7a5f08f4912b32a037c5dc/multidict-6.1.0-cp312-cp312-musllinux_1_2_x86_64.whl", hash = "sha256:3ec660d19bbc671e3a6443325f07263be452c453ac9e512f5eb935e7d4ac28b3", size = 125360, upload-time = "2024-09-09T23:48:20.957Z" },
    { url = "https://files.pythonhosted.org/packages/be/05/5d334c1f2462d43fec2363cd00b1c44c93a78c3925d952e9a71caf662e96/multidict-6.1.0-cp312-cp312-win32.whl", hash = "sha256:58130ecf8f7b8112cdb841486404f1282b9c86ccb30d3519faf301b2e5659133", size = 26382, upload-time = "2024-09-09T23:48:22.351Z" },
    { url = "https://files.pythonhosted.org/packages/a3/bf/f332a13486b1ed0496d624bcc7e8357bb8053823e8cd4b9a18edc1d97e73/multidict-6.1.0-cp312-cp312-win_amd64.whl", hash = "sha256:188215fc0aafb8e03341995e7c4797860181562380f81ed0a87ff455b70bf1f1", size = 28529, upload-time = "2024-09-09T23:48:23.478Z" },
    { url = "https://files.pythonhosted.org/packages/99/b7/b9e70fde2c0f0c9af4cc5277782a89b66d35948ea3369ec9f598358c3ac5/multidict-6.1.0-py3-none-any.whl", hash = "sha256:48e171e52d1c4d33888e529b999e5900356b9ae588c2f09a52dcefb158b27506", size = 10051, upload-time = "2024-09-09T23:49:36.506Z" },
]

[[package]]
name = "propcache"
version = "0.2.0"
source = { registry = "https://pypi.org/simple" }
sdist = { url = "https://files.pythonhosted.org/packages/a9/4d/5e5a60b78dbc1d464f8a7bbaeb30957257afdc8512cbb9dfd5659304f5cd/propcache-0.2.0.tar.gz", hash = "sha256:df81779732feb9d01e5d513fad0122efb3d53bbc75f61b2a4f29a020bc985e70", size = 40951, upload-time = "2024-10-07T12:56:36.896Z" }
wheels = [
    { url = "https://files.pythonhosted.org/packages/7c/46/a41ca1097769fc548fc9216ec4c1471b772cc39720eb47ed7e38ef0006a9/propcache-0.2.0-cp312-cp312-macosx_10_13_universal2.whl", hash = "sha256:2ee7606193fb267be4b2e3b32714f2d58cad27217638db98a60f9efb5efeccc2", size = 80800, upload-time = "2024-10-07T12:54:50.409Z" },
    { url = "https://files.pythonhosted.org/packages/75/4f/93df46aab9cc473498ff56be39b5f6ee1e33529223d7a4d8c0a6101a9ba2/propcache-0.2.0-cp312-cp312-macosx_10_13_x86_64.whl", hash = "sha256:91ee8fc02ca52e24bcb77b234f22afc03288e1dafbb1f88fe24db308910c4ac7", size = 46443, upload-time = "2024-10-07T12:54:51.634Z" },
    { url = "https://files.pythonhosted.org/packages/0b/17/308acc6aee65d0f9a8375e36c4807ac6605d1f38074b1581bd4042b9fb37/propcache-0.2.0-cp312-cp312-macosx_11_0_arm64.whl", hash = "sha256:2e900bad2a8456d00a113cad8c13343f3b1f327534e3589acc2219729237a2e8", size = 45676, upload-time = "2024-10-07T12:54:53.454Z" },
    { url = "https://files.pythonhosted.org/packages/65/44/626599d2854d6c1d4530b9a05e7ff2ee22b790358334b475ed7c89f7d625/propcache-0.2.0-cp312-cp312-manylinux_2_17_aarch64.manylinux2014_aarch64.whl", hash = "sha256:f52a68c21363c45297aca15561812d542f8fc683c85201df0bebe209e349f793", size = 246191, upload-time = "2024-10-07T12:54:55.438Z" },
    { url = "https://files.pythonhosted.org/packages/f2/df/5d996d7cb18df076debae7d76ac3da085c0575a9f2be6b1f707fe227b54c/propcache-0.2.0-cp312-cp312-manylinux_2_17_ppc64le.manylinux2014_ppc64le.whl", hash = "sha256:1e41d67757ff4fbc8ef2af99b338bfb955010444b92929e9e55a6d4dcc3c4f09", size = 251791, upload-time = "2024-10-07T12:54:57.441Z" },
    { url = "https://files.pythonhosted.org/packages/2e/6d/9f91e5dde8b1f662f6dd4dff36098ed22a1ef4e08e1316f05f4758f1576c/propcache-0.2.0-cp312-cp312-manylinux_2_17_s390x.manylinux2014_s390x.whl", hash = "sha256:a64e32f8bd94c105cc27f42d3b658902b5bcc947ece3c8fe7bc1b05982f60e89", size = 253434, upload-time = "2024-10-07T12:54:58.857Z" },
    { url = "https://files.pythonhosted.org/packages/3c/e9/1b54b7e26f50b3e0497cd13d3483d781d284452c2c50dd2a615a92a087a3/propcache-0.2.0-cp312-cp312-manylinux_2_17_x86_64.manylinux2014_x86_64.whl", hash = "sha256:55346705687dbd7ef0d77883ab4f6fabc48232f587925bdaf95219bae072491e", size = 248150, upload-time = "2024-10-07T12:55:00.19Z" },
    { url = "https://files.pythonhosted.org/packages/a7/ef/a35bf191c8038fe3ce9a414b907371c81d102384eda5dbafe6f4dce0cf9b/propcache-0.2.0-cp312-cp312-manylinux_2_5_i686.manylinux1_i686.manylinux_2_17_i686.manylinux2014_i686.whl", hash = "sha256:00181262b17e517df2cd85656fcd6b4e70946fe62cd625b9d74ac9977b64d8d9", size = 233568, upload-time = "2024-10-07T12:55:01.723Z" },
    { url = "https://files.pythonhosted.org/packages/97/d9/d00bb9277a9165a5e6d60f2142cd1a38a750045c9c12e47ae087f686d781/propcache-0.2.0-cp312-cp312-musllinux_1_2_aarch64.whl", hash = "sha256:6994984550eaf25dd7fc7bd1b700ff45c894149341725bb4edc67f0ffa94efa4", size = 229874, upload-time = "2024-10-07T12:55:03.962Z" },
    { url = "https://files.pythonhosted.org/packages/8e/78/c123cf22469bdc4b18efb78893e69c70a8b16de88e6160b69ca6bdd88b5d/propcache-0.2.0-cp312-cp312-musllinux_1_2_armv7l.whl", hash = "sha256:56295eb1e5f3aecd516d91b00cfd8bf3a13991de5a479df9e27dd569ea23959c", size = 225857, upload-time = "2024-10-07T12:55:06.439Z" },
    { url = "https://files.pythonhosted.org/packages/31/1b/fd6b2f1f36d028820d35475be78859d8c89c8f091ad30e377ac49fd66359/propcache-0.2.0-cp312-cp312-musllinux_1_2_i686.whl", hash = "sha256:439e76255daa0f8151d3cb325f6dd4a3e93043e6403e6491813bcaaaa8733887", size = 227604, upload-time = "2024-10-07T12:55:08.254Z" },
    { url = "https://files.pythonhosted.org/packages/99/36/b07be976edf77a07233ba712e53262937625af02154353171716894a86a6/propcache-0.2.0-cp312-cp312-musllinux_1_2_ppc64le.whl", hash = "sha256:f6475a1b2ecb310c98c28d271a30df74f9dd436ee46d09236a6b750a7599ce57", size = 238430, upload-time = "2024-10-07T12:55:09.766Z" },
    { url = "https://files.pythonhosted.org/packages/0d/64/5822f496c9010e3966e934a011ac08cac8734561842bc7c1f65586e0683c/propcache-0.2.0-cp312-cp312-musllinux_1_2_s390x.whl", hash = "sha256:3444cdba6628accf384e349014084b1cacd866fbb88433cd9d279d90a54e0b23", size = 244814, upload-time = "2024-10-07T12:55:11.145Z" },
    { url = "https://files.pythonhosted.org/packages/fd/bd/8657918a35d50b18a9e4d78a5df7b6c82a637a311ab20851eef4326305c1/propcache-0.2.0-cp312-cp312-musllinux_1_2_x86_64.whl", hash = "sha256:4a9d9b4d0a9b38d1c391bb4ad24aa65f306c6f01b512e10a8a34a2dc5675d348", size = 235922, upload-time = "2024-10-07T12:55:12.508Z" },
    { url = "https://files.pythonhosted.org/packages/a8/6f/ec0095e1647b4727db945213a9f395b1103c442ef65e54c62e92a72a3f75/propcache-0.2.0-cp312-cp312-win32.whl", hash = "sha256:69d3a98eebae99a420d4b28756c8ce6ea5a29291baf2dc9ff9414b42676f61d5", size = 40177, upload-time = "2024-10-07T12:55:13.814Z" },
    { url = "https://files.pythonhosted.org/packages/20/a2/bd0896fdc4f4c1db46d9bc361c8c79a9bf08ccc08ba054a98e38e7ba1557/propcache-0.2.0-cp312-cp312-win_amd64.whl", hash = "sha256:ad9c9b99b05f163109466638bd30ada1722abb01bbb85c739c50b6dc11f92dc3", size = 44446, upload-time = "2024-10-07T12:55:14.972Z" },
    { url = "https://files.pythonhosted.org/packages/3d/b6/e6d98278f2d49b22b4d033c9f792eda783b9ab2094b041f013fc69bcde87/propcache-0.2.0-py3-none-any.whl", hash = "sha256:2ccc28197af5313706511fab3a8b66dcd6da067a1331372c82ea1cb74285e036", size = 11603, upload-time = "2024-10-07T12:56:35.137Z" },
]

[[package]]
name = "yarl"
version = "1.17.2"
source = { registry = "https://pypi.org/simple" }
dependencies = [
    { name = "idna" },
    { name = "multidict" },
    { name = "propcache" },
]
sdist = { url = "https://files.pythonhosted.org/packages/4b/d5/0d0481857de42a44ba4911f8010d4b361dc26487f48d5503c66a797cff48/yarl-1.17.2.tar.gz", hash = "sha256:753eaaa0c7195244c84b5cc159dc8204b7fd99f716f11198f999f2332a86b178", size = 178947, upload-time = "2024-11-17T17:34:24.384Z" }
wheels = [
    { url = "https://files.pythonhosted.org/packages/47/d0/aa07433c3a8958bc7639e7d7cb2d6fbad204b40e59b6ec7c95c51ef891d8/yarl-1.17.2-cp312-cp312-macosx_10_13_universal2.whl", hash = "sha256:dd90238d3a77a0e07d4d6ffdebc0c21a9787c5953a508a2231b5f191455f31e9", size = 142115, upload-time = "2024-11-17T17:32:40.838Z" },
    { url = "https://files.pythonhosted.org/packages/44/ce/0be3f77e99aded7b949ca2c822203309ef20d5ec0dd4470056e21dabcdb1/yarl-1.17.2-cp312-cp312-macosx_10_13_x86_64.whl", hash = "sha256:c74f0b0472ac40b04e6d28532f55cac8090e34c3e81f118d12843e6df14d0909", size = 94435, upload-time = "2024-11-17T17:32:42.574Z" },
    { url = "https://files.pythonhosted.org/packages/ae/4e/e22fb21928889837ebf97dd04c7c523cad992edb1499c8cabbd438e8e93a/yarl-1.17.2-cp312-cp312-macosx_11_0_arm64.whl", hash = "sha256:4d486ddcaca8c68455aa01cf53d28d413fb41a35afc9f6594a730c9779545876", size = 92264, upload-time = "2024-11-17T17:32:44.363Z" },
    { url = "https://files.pythonhosted.org/packages/95/5b/4f54cac3711a76c22c4c47cedb216fdd6296ad5dafab4bc64da2e417c4f6/yarl-1.17.2-cp312-cp312-manylinux_2_17_aarch64.manylinux2014_aarch64.whl", hash = "sha256:f25b7e93f5414b9a983e1a6c1820142c13e1782cc9ed354c25e933aebe97fcf2", size = 331820, upload-time = "2024-11-17T17:32:46.023Z" },
    { url = "https://files.pythonhosted.org/packages/5b/8b/ab46adcf981c406a7b8cc47593505ac64cf0c7dbfa233900da6c37288042/yarl-1.17.2-cp312-cp312-manylinux_2_17_ppc64le.manylinux2014_ppc64le.whl", hash = "sha256:3a0baff7827a632204060f48dca9e63fbd6a5a0b8790c1a2adfb25dc2c9c0d50", size = 341798, upload-time = "2024-11-17T17:32:49.41Z" },
    { url = "https://files.pythonhosted.org/packages/54/cc/db5d3ddcc8d2b34775fef2c5b3a50332f822e70d5828ab9216e1ea0e9033/yarl-1.17.2-cp312-cp312-manylinux_2_17_s390x.manylinux2014_s390x.whl", hash = "sha256:460024cacfc3246cc4d9f47a7fc860e4fcea7d1dc651e1256510d8c3c9c7cde0", size = 341445, upload-time = "2024-11-17T17:32:53.032Z" },
    { url = "https://files.pythonhosted.org/packages/ec/1f/c45d9c02111389f71e6d9b49dff8744f7987b174da974619c4815f2d671d/yarl-1.17.2-cp312-cp312-manylinux_2_17_x86_64.manylinux2014_x86_64.whl", hash = "sha256:5870d620b23b956f72bafed6a0ba9a62edb5f2ef78a8849b7615bd9433384171", size = 336391, upload-time = "2024-11-17T17:32:54.87Z" },
    { url = "https://files.pythonhosted.org/packages/9b/11/6946a16258ae9fcea4da2e71c0d5d9f21868821109ceca2884d6bb137fc1/yarl-1.17.2-cp312-cp312-manylinux_2_5_i686.manylinux1_i686.manylinux_2_17_i686.manylinux2014_i686.whl", hash = "sha256:2941756754a10e799e5b87e2319bbec481ed0957421fba0e7b9fb1c11e40509f", size = 325233, upload-time = "2024-11-17T17:32:57.366Z" },
    { url = "https://files.pythonhosted.org/packages/ae/83/72453e6e570fd6948d21348350c3cf2cd811dc0cc9b7779a99e5a57554a3/yarl-1.17.2-cp312-cp312-musllinux_1_2_aarch64.whl", hash = "sha256:9611b83810a74a46be88847e0ea616794c406dbcb4e25405e52bff8f4bee2d0a", size = 343952, upload-time = "2024-11-17T17:32:59.484Z" },
    { url = "https://files.pythonhosted.org/packages/6e/91/4de2fecb15129a0ecb6844b7693f18c6616586b801635e30ef0d232bc0e2/yarl-1.17.2-cp312-cp312-musllinux_1_2_armv7l.whl", hash = "sha256:cd7e35818d2328b679a13268d9ea505c85cd773572ebb7a0da7ccbca77b6a52e", size = 340256, upload-time = "2024-11-17T17:33:01.388Z" },
    { url = "https://files.pythonhosted.org/packages/60/d4/6dd9959a6499a8d52ca48bbe139fc84ad3291697c681758c4851f5375972/yarl-1.17.2-cp312-cp312-musllinux_1_2_i686.whl", hash = "sha256:6b981316fcd940f085f646b822c2ff2b8b813cbd61281acad229ea3cbaabeb6b", size = 345975, upload-time = "2024-11-17T17:33:03.201Z" },
    { url = "https://files.pythonhosted.org/packages/1f/97/76ac1bc71faa71101ed8e0d902471124d8d9d5adc3faa3aa9a0bd0989e54/yarl-1.17.2-cp312-cp312-musllinux_1_2_ppc64le.whl", hash = "sha256:688058e89f512fb7541cb85c2f149c292d3fa22f981d5a5453b40c5da49eb9e8", size = 359359, upload-time = "2024-11-17T17:33:05.234Z" },
    { url = "https://files.pythonhosted.org/packages/1b/d7/47ffcb4ea188af16b6b0f6ae1b53ed620a81a7180b92f68a551750f5c812/yarl-1.17.2-cp312-cp312-musllinux_1_2_s390x.whl", hash = "sha256:56afb44a12b0864d17b597210d63a5b88915d680f6484d8d202ed68ade38673d", size = 363988, upload-time = "2024-11-17T17:33:07.807Z" },
    { url = "https://files.pythonhosted.org/packages/30/d6/385e830d3b9efcd18bcdd212d5c752dbcc9f1c48bde00a256f7401f8b32b/yarl-1.17.2-cp312-cp312-musllinux_1_2_x86_64.whl", hash = "sha256:17931dfbb84ae18b287279c1f92b76a3abcd9a49cd69b92e946035cff06bcd20", size = 357342, upload-time = "2024-11-17T17:33:09.858Z" },
    { url = "https://files.pythonhosted.org/packages/ae/5b/6b5e78e7a71698b2b4830e83aa71e86c85357dbf13c617c8515c03d019a9/yarl-1.17.2-cp312-cp312-win32.whl", hash = "sha256:ff8d95e06546c3a8c188f68040e9d0360feb67ba8498baf018918f669f7bc39b", size = 83581, upload-time = "2024-11-17T17:33:12.366Z" },
    { url = "https://files.pythonhosted.org/packages/bd/fa/a70635eabe46ba55032bd1e1c2561067f35036b614299f09b15cdef167ee/yarl-1.17.2-cp312-cp312-win_amd64.whl", hash = "sha256:4c840cc11163d3c01a9d8aad227683c48cd3e5be5a785921bcc2a8b4b758c4f3", size = 89882, upload-time = "2024-11-17T17:33:13.946Z" },
    { url = "https://files.pythonhosted.org/packages/80/01/7536ea609df5afce0c0d3c00e5843f0005d65226b6a61028310ac9673a07/yarl-1.17.2-py3-none-any.whl", hash = "sha256:dd7abf4f717e33b7487121faf23560b3a50924f80e4bef62b22dab441ded8f3b", size = 44583, upload-time = "2024-11-17T17:34:22.608Z" },
]
