version = 1
revision = 3
requires-python = "==3.10.*"

[options]
exclude-newer = "2026-07-08T16:00:00Z"

[[package]]
name = "importlib-metadata"
version = "4.13.0"
source = { registry = "https://pypi.org/simple" }
dependencies = [
    { name = "zipp" },
]
sdist = { url = "https://files.pythonhosted.org/packages/55/12/ab288357b884ebc807e3f4eff63ce5ba6b941ba61499071bf19f1bbc7f7f/importlib_metadata-4.13.0.tar.gz", hash = "sha256:dd0173e8f150d6815e098fd354f6414b0f079af4644ddfe90c71e2fc6174346d", size = 50445, upload-time = "2022-10-01T17:09:15.698Z" }
wheels = [
    { url = "https://files.pythonhosted.org/packages/d0/98/c277899f5aa21f6e6946e1c83f2af650cbfee982763ffb91db07ff7d3a13/importlib_metadata-4.13.0-py3-none-any.whl", hash = "sha256:8a8a81bcf996e74fee46f0d16bd3eaa382a7eb20fd82445c3ad11f4090334116", size = 23010, upload-time = "2022-10-01T17:09:13.903Z" },
]

[[package]]
name = "metapathology"
version = "0.3.0"
source = { editable = "../../" }

[package.metadata]

[package.metadata.requires-dev]
dev = [
    { name = "basedpyright", specifier = ">=1.31.3" },
    { name = "hypothesis", specifier = ">=6.146" },
    { name = "prek", specifier = ">=0.2.20" },
    { name = "pyrefly", specifier = ">=0.44.0" },
    { name = "pytest", specifier = ">=8.3" },
    { name = "pytest-cov", specifier = ">=6.3" },
    { name = "pytest-timeout", specifier = ">=2.4" },
    { name = "ruff", specifier = ">=0.12.11" },
]
docs = [{ name = "zensical", specifier = ">=0.0.47,<0.1" }]

[[package]]
name = "metapathology-importlib-metadata-486-repro"
version = "0.1.0"
source = { virtual = "." }
dependencies = [
    { name = "importlib-metadata" },
    { name = "metapathology" },
]

[package.metadata]
requires-dist = [
    { name = "importlib-metadata", specifier = "==4.13.0" },
    { name = "metapathology", editable = "../../" },
]

[[package]]
name = "zipp"
version = "4.1.0"
source = { registry = "https://pypi.org/simple" }
sdist = { url = "https://files.pythonhosted.org/packages/b9/d8/eab98a517c14134c0b2eb4e2387bc5f457334293ec5d2dd3857ec2966802/zipp-4.1.0.tar.gz", hash = "sha256:4cb57381f544315db7688e976e922a2b18cdb513d21cc194eb42232ba2a3e602", size = 26214, upload-time = "2026-05-18T20:08:57.967Z" }
wheels = [
    { url = "https://files.pythonhosted.org/packages/3a/13/547360d81e6d88d58492968ffda9f9542854f11310ee556fef14260cc886/zipp-4.1.0-py3-none-any.whl", hash = "sha256:25ad4e16390cd314347dd8f1de67a2ac538ae658ed4ab9db16029c07c188e97f", size = 10238, upload-time = "2026-05-18T20:08:57.045Z" },
]
