version = 1
revision = 3
requires-python = "==3.12.*"

[options]
exclude-newer = "2026-07-08T16:00:00Z"

[[package]]
name = "importlib-resources"
version = "6.4.0"
source = { registry = "https://pypi.org/simple" }
sdist = { url = "https://files.pythonhosted.org/packages/c8/9d/6ee73859d6be81c6ea7ebac89655e92740296419bd37e5c8abdb5b62fd55/importlib_resources-6.4.0.tar.gz", hash = "sha256:cdb2b453b8046ca4e3798eb1d84f3cce1446a0e8e7b5ef4efb600f19fc398145", size = 42040, upload-time = "2024-03-21T13:42:34.888Z" }
wheels = [
    { url = "https://files.pythonhosted.org/packages/75/06/4df55e1b7b112d183f65db9503bff189e97179b256e1ea450a3c365241e0/importlib_resources-6.4.0-py3-none-any.whl", hash = "sha256:50d10f043df931902d4194ea07ec57960f66a80449ff867bfe782b4c486ba78c", size = 38168, upload-time = "2024-03-21T13:42:33.243Z" },
]

[[package]]
name = "metapathology"
version = "0.3.0"
source = { editable = "../../" }

[package.metadata]

[package.metadata.requires-dev]
dev = [
    { name = "basedpyright", specifier = ">=1.31.3" },
    { name = "hypothesis", specifier = ">=6.146" },
    { name = "prek", specifier = ">=0.2.20" },
    { name = "pyrefly", specifier = ">=0.44.0" },
    { name = "pytest", specifier = ">=8.3" },
    { name = "pytest-cov", specifier = ">=6.3" },
    { name = "pytest-timeout", specifier = ">=2.4" },
    { name = "ruff", specifier = ">=0.12.11" },
]
docs = [{ name = "zensical", specifier = ">=0.0.47,<0.1" }]

[[package]]
name = "metapathology-importlib-resources-311-repro"
version = "0.1.0"
source = { virtual = "." }
dependencies = [
    { name = "importlib-resources" },
    { name = "metapathology" },
]

[package.metadata]
requires-dist = [
    { name = "importlib-resources", specifier = "==6.4.0" },
    { name = "metapathology", editable = "../../" },
]
