version = 1
revision = 3
requires-python = ">=3.12"
resolution-markers = [
    "sys_platform != 'ios'",
    "sys_platform == 'ios'",
]

[options]
exclude-newer = "0001-01-01T00:00:00Z" # This has no effect and is included for backwards compatibility when using relative exclude-newer values.
exclude-newer-span = "P7D"

[[package]]
name = "beartype"
version = "0.22.9"
source = { registry = "https://pypi.org/simple" }
sdist = { url = "https://files.pythonhosted.org/packages/c7/94/1009e248bbfbab11397abca7193bea6626806be9a327d399810d523a07cb/beartype-0.22.9.tar.gz", hash = "sha256:8f82b54aa723a2848a56008d18875f91c1db02c32ef6a62319a002e3e25a975f", size = 1608866, upload-time = "2025-12-13T06:50:30.72Z" }
wheels = [
    { url = "https://files.pythonhosted.org/packages/71/cc/18245721fa7747065ab478316c7fea7c74777d07f37ae60db2e84f8172e8/beartype-0.22.9-py3-none-any.whl", hash = "sha256:d16c9bbc61ea14637596c5f6fbff2ee99cbe3573e46a716401734ef50c3060c2", size = 1333658, upload-time = "2025-12-13T06:50:28.266Z" },
]

[[package]]
name = "meson"
version = "1.11.2"
source = { registry = "https://pypi.org/simple" }
sdist = { url = "https://files.pythonhosted.org/packages/06/ce/c4d3d849d5cf8d9193b075acf435fb5dc0f4bdab35a3486f1204fd8265a7/meson-1.11.2.tar.gz", hash = "sha256:698feae069cef3ecd4d7aaf281d7df359bdfcf555a9a1564383d3b913fa8a736", size = 2463316, upload-time = "2026-07-11T07:19:44.863Z" }
wheels = [
    { url = "https://files.pythonhosted.org/packages/1d/c5/680527bdddf039807f22041882678b7f21d3380b4cdbc46abf2f24e2db6c/meson-1.11.2-py3-none-any.whl", hash = "sha256:7e4f6e83fec83e3eaac928e058b073c7557b282c35b6a2024cea143a39926a39", size = 1078911, upload-time = "2026-07-11T07:19:40.636Z" },
]

[[package]]
name = "meson-python"
version = "0.20.0"
source = { registry = "https://pypi.org/simple" }
dependencies = [
    { name = "meson" },
    { name = "packaging" },
    { name = "pyproject-metadata" },
]
sdist = { url = "https://files.pythonhosted.org/packages/8b/f0/d794d7ed8a843a8a8947768f3b329d1e8601222dc95d930f4a5f9706cd6c/meson_python-0.20.0.tar.gz", hash = "sha256:6d9726ae6cd37e22f210c74b364b30180a68c20442e97ff09f3c566a414af738", size = 102641, upload-time = "2026-06-10T19:42:52.132Z" }
wheels = [
    { url = "https://files.pythonhosted.org/packages/90/ad/77f9483e180cabab2772ac222aedd3dfab858e60d992f40414a3f08e7494/meson_python-0.20.0-py3-none-any.whl", hash = "sha256:6a744cf0c09e76ecbdc58cfa374b48c8902dac1b74479628238634efbf36aec9", size = 29386, upload-time = "2026-06-10T19:42:50.614Z" },
]

[[package]]
name = "meson-python-871-repro"
version = "0.0.0"
source = { editable = "." }
dependencies = [
    { name = "beartype" },
]

[package.dev-dependencies]
dev = [
    { name = "beartype" },
    { name = "meson" },
    { name = "meson-python" },
    { name = "metapathology" },
    { name = "ninja" },
]

[package.metadata]
requires-dist = [{ name = "beartype" }]

[package.metadata.requires-dev]
dev = [
    { name = "beartype", specifier = ">=0.22.9" },
    { name = "meson", specifier = ">=1.11.2" },
    { name = "meson-python", specifier = ">=0.20.0" },
    { name = "metapathology", editable = "../../" },
    { name = "ninja", specifier = ">=1.13.0" },
]

[[package]]
name = "metapathology"
version = "0.4.3"
source = { editable = "../../" }

[package.metadata]

[package.metadata.requires-dev]
dev = [
    { name = "basedpyright", specifier = ">=1.31.3" },
    { name = "hypothesis", specifier = ">=6.146" },
    { name = "prek", specifier = ">=0.2.20" },
    { name = "pyrefly", specifier = ">=0.44.0" },
    { name = "pytest", specifier = ">=8.3" },
    { name = "pytest-cov", specifier = ">=6.3" },
    { name = "pytest-timeout", specifier = ">=2.4" },
    { name = "ruff", specifier = ">=0.12.11" },
]
docs = [{ name = "zensical", specifier = ">=0.0.47,<0.1" }]

[[package]]
name = "ninja"
version = "1.13.0"
source = { registry = "https://pypi.org/simple" }
sdist = { url = "https://files.pythonhosted.org/packages/43/73/79a0b22fc731989c708068427579e840a6cf4e937fe7ae5c5d0b7356ac22/ninja-1.13.0.tar.gz", hash = "sha256:4a40ce995ded54d9dc24f8ea37ff3bf62ad192b547f6c7126e7e25045e76f978", size = 242558, upload-time = "2025-08-11T15:10:19.421Z" }
wheels = [
    { url = "https://files.pythonhosted.org/packages/3c/74/d02409ed2aa865e051b7edda22ad416a39d81a84980f544f8de717cab133/ninja-1.13.0-py3-none-macosx_10_9_universal2.whl", hash = "sha256:fa2a8bfc62e31b08f83127d1613d10821775a0eb334197154c4d6067b7068ff1", size = 310125, upload-time = "2025-08-11T15:09:50.971Z" },
    { url = "https://files.pythonhosted.org/packages/8e/de/6e1cd6b84b412ac1ef327b76f0641aeb5dcc01e9d3f9eee0286d0c34fd93/ninja-1.13.0-py3-none-manylinux2014_aarch64.manylinux_2_17_aarch64.whl", hash = "sha256:3d00c692fb717fd511abeb44b8c5d00340c36938c12d6538ba989fe764e79630", size = 177467, upload-time = "2025-08-11T15:09:52.767Z" },
    { url = "https://files.pythonhosted.org/packages/c8/83/49320fb6e58ae3c079381e333575fdbcf1cca3506ee160a2dcce775046fa/ninja-1.13.0-py3-none-manylinux2014_i686.manylinux_2_17_i686.whl", hash = "sha256:be7f478ff9f96a128b599a964fc60a6a87b9fa332ee1bd44fa243ac88d50291c", size = 187834, upload-time = "2025-08-11T15:09:54.115Z" },
    { url = "https://files.pythonhosted.org/packages/56/c7/ba22748fb59f7f896b609cd3e568d28a0a367a6d953c24c461fe04fc4433/ninja-1.13.0-py3-none-manylinux2014_ppc64le.manylinux_2_17_ppc64le.whl", hash = "sha256:60056592cf495e9a6a4bea3cd178903056ecb0943e4de45a2ea825edb6dc8d3e", size = 202736, upload-time = "2025-08-11T15:09:55.745Z" },
    { url = "https://files.pythonhosted.org/packages/79/22/d1de07632b78ac8e6b785f41fa9aad7a978ec8c0a1bf15772def36d77aac/ninja-1.13.0-py3-none-manylinux2014_s390x.manylinux_2_17_s390x.whl", hash = "sha256:1c97223cdda0417f414bf864cfb73b72d8777e57ebb279c5f6de368de0062988", size = 179034, upload-time = "2025-08-11T15:09:57.394Z" },
    { url = "https://files.pythonhosted.org/packages/ed/de/0e6edf44d6a04dabd0318a519125ed0415ce437ad5a1ec9b9be03d9048cf/ninja-1.13.0-py3-none-manylinux2014_x86_64.manylinux_2_17_x86_64.whl", hash = "sha256:fb46acf6b93b8dd0322adc3a4945452a4e774b75b91293bafcc7b7f8e6517dfa", size = 180716, upload-time = "2025-08-11T15:09:58.696Z" },
    { url = "https://files.pythonhosted.org/packages/54/28/938b562f9057aaa4d6bfbeaa05e81899a47aebb3ba6751e36c027a7f5ff7/ninja-1.13.0-py3-none-manylinux_2_28_armv7l.manylinux_2_31_armv7l.whl", hash = "sha256:4be9c1b082d244b1ad7ef41eb8ab088aae8c109a9f3f0b3e56a252d3e00f42c1", size = 146843, upload-time = "2025-08-11T15:10:00.046Z" },
    { url = "https://files.pythonhosted.org/packages/2a/fb/d06a3838de4f8ab866e44ee52a797b5491df823901c54943b2adb0389fbb/ninja-1.13.0-py3-none-manylinux_2_31_riscv64.whl", hash = "sha256:6739d3352073341ad284246f81339a384eec091d9851a886dfa5b00a6d48b3e2", size = 154402, upload-time = "2025-08-11T15:10:01.657Z" },
    { url = "https://files.pythonhosted.org/packages/31/bf/0d7808af695ceddc763cf251b84a9892cd7f51622dc8b4c89d5012779f06/ninja-1.13.0-py3-none-musllinux_1_2_aarch64.whl", hash = "sha256:11be2d22027bde06f14c343f01d31446747dbb51e72d00decca2eb99be911e2f", size = 552388, upload-time = "2025-08-11T15:10:03.349Z" },
    { url = "https://files.pythonhosted.org/packages/9d/70/c99d0c2c809f992752453cce312848abb3b1607e56d4cd1b6cded317351a/ninja-1.13.0-py3-none-musllinux_1_2_armv7l.whl", hash = "sha256:aa45b4037b313c2f698bc13306239b8b93b4680eb47e287773156ac9e9304714", size = 472501, upload-time = "2025-08-11T15:10:04.735Z" },
    { url = "https://files.pythonhosted.org/packages/9f/43/c217b1153f0e499652f5e0766da8523ce3480f0a951039c7af115e224d55/ninja-1.13.0-py3-none-musllinux_1_2_i686.whl", hash = "sha256:5f8e1e8a1a30835eeb51db05cf5a67151ad37542f5a4af2a438e9490915e5b72", size = 638280, upload-time = "2025-08-11T15:10:06.512Z" },
    { url = "https://files.pythonhosted.org/packages/8c/45/9151bba2c8d0ae2b6260f71696330590de5850e5574b7b5694dce6023e20/ninja-1.13.0-py3-none-musllinux_1_2_ppc64le.whl", hash = "sha256:3d7d7779d12cb20c6d054c61b702139fd23a7a964ec8f2c823f1ab1b084150db", size = 642420, upload-time = "2025-08-11T15:10:08.35Z" },
    { url = "https://files.pythonhosted.org/packages/3c/fb/95752eb635bb8ad27d101d71bef15bc63049de23f299e312878fc21cb2da/ninja-1.13.0-py3-none-musllinux_1_2_riscv64.whl", hash = "sha256:d741a5e6754e0bda767e3274a0f0deeef4807f1fec6c0d7921a0244018926ae5", size = 585106, upload-time = "2025-08-11T15:10:09.818Z" },
    { url = "https://files.pythonhosted.org/packages/c1/31/aa56a1a286703800c0cbe39fb4e82811c277772dc8cd084f442dd8e2938a/ninja-1.13.0-py3-none-musllinux_1_2_s390x.whl", hash = "sha256:e8bad11f8a00b64137e9b315b137d8bb6cbf3086fbdc43bf1f90fd33324d2e96", size = 707138, upload-time = "2025-08-11T15:10:11.366Z" },
    { url = "https://files.pythonhosted.org/packages/34/6f/5f5a54a1041af945130abdb2b8529cbef0cdcbbf9bcf3f4195378319d29a/ninja-1.13.0-py3-none-musllinux_1_2_x86_64.whl", hash = "sha256:b4f2a072db3c0f944c32793e91532d8948d20d9ab83da9c0c7c15b5768072200", size = 581758, upload-time = "2025-08-11T15:10:13.295Z" },
    { url = "https://files.pythonhosted.org/packages/95/97/51359c77527d45943fe7a94d00a3843b81162e6c4244b3579fe8fc54cb9c/ninja-1.13.0-py3-none-win32.whl", hash = "sha256:8cfbb80b4a53456ae8a39f90ae3d7a2129f45ea164f43fadfa15dc38c4aef1c9", size = 267201, upload-time = "2025-08-11T15:10:15.158Z" },
    { url = "https://files.pythonhosted.org/packages/29/45/c0adfbfb0b5895aa18cec400c535b4f7ff3e52536e0403602fc1a23f7de9/ninja-1.13.0-py3-none-win_amd64.whl", hash = "sha256:fb8ee8719f8af47fed145cced4a85f0755dd55d45b2bddaf7431fa89803c5f3e", size = 309975, upload-time = "2025-08-11T15:10:16.697Z" },
    { url = "https://files.pythonhosted.org/packages/df/93/a7b983643d1253bb223234b5b226e69de6cda02b76cdca7770f684b795f5/ninja-1.13.0-py3-none-win_arm64.whl", hash = "sha256:3c0b40b1f0bba764644385319028650087b4c1b18cdfa6f45cb39a3669b81aa9", size = 290806, upload-time = "2025-08-11T15:10:18.018Z" },
]

[[package]]
name = "packaging"
version = "26.2"
source = { registry = "https://pypi.org/simple" }
sdist = { url = "https://files.pythonhosted.org/packages/d7/f1/e7a6dd94a8d4a5626c03e4e99c87f241ba9e350cd9e6d75123f992427270/packaging-26.2.tar.gz", hash = "sha256:ff452ff5a3e828ce110190feff1178bb1f2ea2281fa2075aadb987c2fb221661", size = 228134, upload-time = "2026-04-24T20:15:23.917Z" }
wheels = [
    { url = "https://files.pythonhosted.org/packages/df/b2/87e62e8c3e2f4b32e5fe99e0b86d576da1312593b39f47d8ceef365e95ed/packaging-26.2-py3-none-any.whl", hash = "sha256:5fc45236b9446107ff2415ce77c807cee2862cb6fac22b8a73826d0693b0980e", size = 100195, upload-time = "2026-04-24T20:15:22.081Z" },
]

[[package]]
name = "pyproject-metadata"
version = "0.12.1"
source = { registry = "https://pypi.org/simple" }
dependencies = [
    { name = "packaging" },
]
sdist = { url = "https://files.pythonhosted.org/packages/4f/76/1cae539918a7b1746d624c2f01560b793c22cd8c081157505bb9bbf0e34d/pyproject_metadata-0.12.1.tar.gz", hash = "sha256:8809a4df6fe08279b39a8890669506ed3158e0617855ac9aff098fcbe772ae4c", size = 48457, upload-time = "2026-07-04T02:19:32.029Z" }
wheels = [
    { url = "https://files.pythonhosted.org/packages/b9/8e/d883718e872abc214ba053f60f7e6edc2abd5ffbd1544beb01a9c92ddd3c/pyproject_metadata-0.12.1-py3-none-any.whl", hash = "sha256:f7162d580a96386a8eb096da06215f981f547d1490f03055ef99e323bc2da427", size = 23452, upload-time = "2026-07-04T02:19:30.657Z" },
]
